
Microsoft Visual Studio Solution File, Format Version 12.00
# Visual Studio Version 16
VisualStudioVersion = 16.0.31515.178
MinimumVisualStudioVersion = 10.0.40219.1
Project("{FAE04EC0-301F-11D3-BF4B-00C04F79EFBC}") = "KvirinBA", "KvirinBA\KvirinBA.csproj", "{4572C156-8389-466F-AE92-92D62FD876AD}"
EndProject
Global
	GlobalSection(SolutionConfigurationPlatforms) = preSolution
		Debug|Any CPU = Debug|Any CPU
		Release|Any CPU = Release|Any CPU
	EndGlobalSection
	GlobalSection(ProjectConfigurationPlatforms) = postSolution
		{4572C156-8389-466F-AE92-92D62FD876AD}.Debug|Any CPU.ActiveCfg = Debug|Any CPU
		{4572C156-8389-466F-AE92-92D62FD876AD}.Debug|Any CPU.Build.0 = Debug|Any CPU
		{4572C156-8389-466F-AE92-92D62FD876AD}.Release|Any CPU.ActiveCfg = Release|Any CPU
		{4572C156-8389-466F-AE92-92D62FD876AD}.Release|Any CPU.Build.0 = Release|Any CPU
	EndGlobalSection
	GlobalSection(SolutionProperties) = preSolution
		HideSolutionNode = FALSE
	EndGlobalSection
	GlobalSection(ExtensibilityGlobals) = postSolution
		SolutionGuid = {DBF8A2E8-7406-4898-BC69-FB39916FB13C}
	EndGlobalSection
EndGlobal
